// !$*UTF8*$!
{
	archiveVersion = 1;
	classes = {
	};
	objectVersion = 50;
	objects = {

/* Begin PBXBuildFile section */
		1947D30B21DB646E00E24958 /* AppDelegate.swift in Sources */ = {isa = PBXBuildFile; fileRef = 1947D30A21DB646E00E24958 /* AppDelegate.swift */; };
		1947D30D21DB646E00E24958 /* PostVC.swift in Sources */ = {isa = PBXBuildFile; fileRef = 1947D30C21DB646E00E24958 /* PostVC.swift */; };
		1947D31021DB646E00E24958 /* Post.storyboard in Resources */ = {isa = PBXBuildFile; fileRef = 1947D30E21DB646E00E24958 /* Post.storyboard */; };
		1947D31221DB647300E24958 /* Assets.xcassets in Resources */ = {isa = PBXBuildFile; fileRef = 1947D31121DB647300E24958 /* Assets.xcassets */; };
		1947D32721DB6D4800E24958 /* PostCell.swift in Sources */ = {isa = PBXBuildFile; fileRef = 1947D32621DB6D4800E24958 /* PostCell.swift */; };
		1947D32921DB6F3E00E24958 /* Post.swift in Sources */ = {isa = PBXBuildFile; fileRef = 1947D32821DB6F3E00E24958 /* Post.swift */; };
		1947D32F21DB79D900E24958 /* Info.plist in Resources */ = {isa = PBXBuildFile; fileRef = 1947D32E21DB79D900E24958 /* Info.plist */; };
		19CC382821DB92580026332A /* NetworkingService.swift in Sources */ = {isa = PBXBuildFile; fileRef = 19CC382721DB92580026332A /* NetworkingService.swift */; };
		19CC382A21DB94A60026332A /* PostNetworking.swift in Sources */ = {isa = PBXBuildFile; fileRef = 19CC382921DB94A60026332A /* PostNetworking.swift */; };
		19CC382F21DB974C0026332A /* GetPostsResponse.swift in Sources */ = {isa = PBXBuildFile; fileRef = 19CC382E21DB974C0026332A /* GetPostsResponse.swift */; };
		19CC383121DB97AF0026332A /* NetworkingError.swift in Sources */ = {isa = PBXBuildFile; fileRef = 19CC383021DB97AF0026332A /* NetworkingError.swift */; };
/* End PBXBuildFile section */

/* Begin PBXFileReference section */
		1947D30721DB646D00E24958 /* MVC-S.app */ = {isa = PBXFileReference; explicitFileType = wrapper.application; includeInIndex = 0; path = "MVC-S.app"; sourceTree = BUILT_PRODUCTS_DIR; };
		1947D30A21DB646E00E24958 /* AppDelegate.swift */ = {isa = PBXFileReference; lastKnownFileType = sourcecode.swift; path = AppDelegate.swift; sourceTree = "<group>"; };
		1947D30C21DB646E00E24958 /* PostVC.swift */ = {isa = PBXFileReference; lastKnownFileType = sourcecode.swift; path = PostVC.swift; sourceTree = "<group>"; };
		1947D30F21DB646E00E24958 /* Base */ = {isa = PBXFileReference; lastKnownFileType = file.storyboard; name = Base; path = Base.lproj/Post.storyboard; sourceTree = "<group>"; };
		1947D31121DB647300E24958 /* Assets.xcassets */ = {isa = PBXFileReference; lastKnownFileType = folder.assetcatalog; path = Assets.xcassets; sourceTree = "<group>"; };
		1947D31421DB647300E24958 /* Base */ = {isa = PBXFileReference; lastKnownFileType = file.storyboard; name = Base; path = Base.lproj/LaunchScreen.storyboard; sourceTree = "<group>"; };
		1947D32621DB6D4800E24958 /* PostCell.swift */ = {isa = PBXFileReference; lastKnownFileType = sourcecode.swift; path = PostCell.swift; sourceTree = "<group>"; };
		1947D32821DB6F3E00E24958 /* Post.swift */ = {isa = PBXFileReference; lastKnownFileType = sourcecode.swift; path = Post.swift; sourceTree = "<group>"; };
		1947D32E21DB79D900E24958 /* Info.plist */ = {isa = PBXFileReference; fileEncoding = 4; lastKnownFileType = text.plist.xml; path = Info.plist; sourceTree = "<group>"; };
		19CC382721DB92580026332A /* NetworkingService.swift */ = {isa = PBXFileReference; lastKnownFileType = sourcecode.swift; path = NetworkingService.swift; sourceTree = "<group>"; };
		19CC382921DB94A60026332A /* PostNetworking.swift */ = {isa = PBXFileReference; lastKnownFileType = sourcecode.swift; path = PostNetworking.swift; sourceTree = "<group>"; };
		19CC382E21DB974C0026332A /* GetPostsResponse.swift */ = {isa = PBXFileReference; lastKnownFileType = sourcecode.swift; path = GetPostsResponse.swift; sourceTree = "<group>"; };
		19CC383021DB97AF0026332A /* NetworkingError.swift */ = {isa = PBXFileReference; lastKnownFileType = sourcecode.swift; path = NetworkingError.swift; sourceTree = "<group>"; };
/* End PBXFileReference section */

/* Begin PBXFrameworksBuildPhase section */
		1947D30421DB646D00E24958 /* Frameworks */ = {
			isa = PBXFrameworksBuildPhase;
			buildActionMask = 2147483647;
			files = (
			);
			runOnlyForDeploymentPostprocessing = 0;
		};
/* End PBXFrameworksBuildPhase section */

/* Begin PBXGroup section */
		1947D2FE21DB646D00E24958 = {
			isa = PBXGroup;
			children = (
				1947D30921DB646D00E24958 /* MVC-S */,
				1947D30821DB646D00E24958 /* Products */,
			);
			sourceTree = "<group>";
		};
		1947D30821DB646D00E24958 /* Products */ = {
			isa = PBXGroup;
			children = (
				1947D30721DB646D00E24958 /* MVC-S.app */,
			);
			name = Products;
			sourceTree = "<group>";
		};
		1947D30921DB646D00E24958 /* MVC-S */ = {
			isa = PBXGroup;
			children = (
				1947D32E21DB79D900E24958 /* Info.plist */,
				1947D31D21DB64EE00E24958 /* Global */,
				1947D31F21DB656500E24958 /* Post */,
				19E87F8421DBF36300553B90 /* Chat */,
			);
			path = "MVC-S";
			sourceTree = "<group>";
		};
		1947D31C21DB64C300E24958 /* Service */ = {
			isa = PBXGroup;
			children = (
				19CC382921DB94A60026332A /* PostNetworking.swift */,
			);
			path = Service;
			sourceTree = "<group>";
		};
		1947D31D21DB64EE00E24958 /* Global */ = {
			isa = PBXGroup;
			children = (
				1947D32521DB675800E24958 /* Controller */,
				1947D32421DB66E900E24958 /* View */,
				1947D32321DB661700E24958 /* Service */,
				19CC383021DB97AF0026332A /* NetworkingError.swift */,
			);
			path = Global;
			sourceTree = "<group>";
		};
		1947D31F21DB656500E24958 /* Post */ = {
			isa = PBXGroup;
			children = (
				1947D32221DB660000E24958 /* View */,
				1947D32121DB65E500E24958 /* Controller */,
				1947D32021DB657F00E24958 /* Model */,
				1947D31C21DB64C300E24958 /* Service */,
			);
			path = Post;
			sourceTree = "<group>";
		};
		1947D32021DB657F00E24958 /* Model */ = {
			isa = PBXGroup;
			children = (
				19CC382B21DB96AB0026332A /* Responses */,
				1947D32821DB6F3E00E24958 /* Post.swift */,
			);
			path = Model;
			sourceTree = "<group>";
		};
		1947D32121DB65E500E24958 /* Controller */ = {
			isa = PBXGroup;
			children = (
				1947D30C21DB646E00E24958 /* PostVC.swift */,
			);
			path = Controller;
			sourceTree = "<group>";
		};
		1947D32221DB660000E24958 /* View */ = {
			isa = PBXGroup;
			children = (
				1947D30E21DB646E00E24958 /* Post.storyboard */,
				1947D32621DB6D4800E24958 /* PostCell.swift */,
			);
			path = View;
			sourceTree = "<group>";
		};
		1947D32321DB661700E24958 /* Service */ = {
			isa = PBXGroup;
			children = (
				19CC382721DB92580026332A /* NetworkingService.swift */,
			);
			path = Service;
			sourceTree = "<group>";
		};
		1947D32421DB66E900E24958 /* View */ = {
			isa = PBXGroup;
			children = (
				1947D31321DB647300E24958 /* LaunchScreen.storyboard */,
			);
			path = View;
			sourceTree = "<group>";
		};
		1947D32521DB675800E24958 /* Controller */ = {
			isa = PBXGroup;
			children = (
				1947D30A21DB646E00E24958 /* AppDelegate.swift */,
				1947D31121DB647300E24958 /* Assets.xcassets */,
			);
			path = Controller;
			sourceTree = "<group>";
		};
		19CC382B21DB96AB0026332A /* Responses */ = {
			isa = PBXGroup;
			children = (
				19CC382E21DB974C0026332A /* GetPostsResponse.swift */,
			);
			path = Responses;
			sourceTree = "<group>";
		};
		19E87F8421DBF36300553B90 /* Chat */ = {
			isa = PBXGroup;
			children = (
				19E87F8821DBF60100553B90 /* Model */,
				19E87F8721DBF4D400553B90 /* View */,
				19E87F8621DBF4CC00553B90 /* Controller */,
				19E87F8521DBF46100553B90 /* Service */,
			);
			path = Chat;
			sourceTree = "<group>";
		};
		19E87F8521DBF46100553B90 /* Service */ = {
			isa = PBXGroup;
			children = (
			);
			path = Service;
			sourceTree = "<group>";
		};
		19E87F8621DBF4CC00553B90 /* Controller */ = {
			isa = PBXGroup;
			children = (
			);
			path = Controller;
			sourceTree = "<group>";
		};
		19E87F8721DBF4D400553B90 /* View */ = {
			isa = PBXGroup;
			children = (
			);
			path = View;
			sourceTree = "<group>";
		};
		19E87F8821DBF60100553B90 /* Model */ = {
			isa = PBXGroup;
			children = (
			);
			path = Model;
			sourceTree = "<group>";
		};
/* End PBXGroup section */

/* Begin PBXNativeTarget section */
		1947D30621DB646D00E24958 /* MVC-S */ = {
			isa = PBXNativeTarget;
			buildConfigurationList = 1947D31921DB647300E24958 /* Build configuration list for PBXNativeTarget "MVC-S" */;
			buildPhases = (
				1947D30321DB646D00E24958 /* Sources */,
				1947D30421DB646D00E24958 /* Frameworks */,
				1947D30521DB646D00E24958 /* Resources */,
			);
			buildRules = (
			);
			dependencies = (
			);
			name = "MVC-S";
			productName = "MVC-S";
			productReference = 1947D30721DB646D00E24958 /* MVC-S.app */;
			productType = "com.apple.product-type.application";
		};
/* End PBXNativeTarget section */

/* Begin PBXProject section */
		1947D2FF21DB646D00E24958 /* Project object */ = {
			isa = PBXProject;
			attributes = {
				LastSwiftUpdateCheck = 1010;
				LastUpgradeCheck = 1010;
				ORGANIZATIONNAME = "MI Apps";
				TargetAttributes = {
					1947D30621DB646D00E24958 = {
						CreatedOnToolsVersion = 10.1;
					};
				};
			};
			buildConfigurationList = 1947D30221DB646D00E24958 /* Build configuration list for PBXProject "MVC-S" */;
			compatibilityVersion = "Xcode 9.3";
			developmentRegion = en;
			hasScannedForEncodings = 0;
			knownRegions = (
				en,
				Base,
			);
			mainGroup = 1947D2FE21DB646D00E24958;
			productRefGroup = 1947D30821DB646D00E24958 /* Products */;
			projectDirPath = "";
			projectRoot = "";
			targets = (
				1947D30621DB646D00E24958 /* MVC-S */,
			);
		};
/* End PBXProject section */

/* Begin PBXResourcesBuildPhase section */
		1947D30521DB646D00E24958 /* Resources */ = {
			isa = PBXResourcesBuildPhase;
			buildActionMask = 2147483647;
			files = (
				1947D31221DB647300E24958 /* Assets.xcassets in Resources */,
				1947D31021DB646E00E24958 /* Post.storyboard in Resources */,
				1947D32F21DB79D900E24958 /* Info.plist in Resources */,
			);
			runOnlyForDeploymentPostprocessing = 0;
		};
/* End PBXResourcesBuildPhase section */

/* Begin PBXSourcesBuildPhase section */
		1947D30321DB646D00E24958 /* Sources */ = {
			isa = PBXSourcesBuildPhase;
			buildActionMask = 2147483647;
			files = (
				19CC382821DB92580026332A /* NetworkingService.swift in Sources */,
				1947D30D21DB646E00E24958 /* PostVC.swift in Sources */,
				19CC383121DB97AF0026332A /* NetworkingError.swift in Sources */,
				19CC382F21DB974C0026332A /* GetPostsResponse.swift in Sources */,
				1947D30B21DB646E00E24958 /* AppDelegate.swift in Sources */,
				19CC382A21DB94A60026332A /* PostNetworking.swift in Sources */,
				1947D32721DB6D4800E24958 /* PostCell.swift in Sources */,
				1947D32921DB6F3E00E24958 /* Post.swift in Sources */,
			);
			runOnlyForDeploymentPostprocessing = 0;
		};
/* End PBXSourcesBuildPhase section */

/* Begin PBXVariantGroup section */
		1947D30E21DB646E00E24958 /* Post.storyboard */ = {
			isa = PBXVariantGroup;
			children = (
				1947D30F21DB646E00E24958 /* Base */,
			);
			name = Post.storyboard;
			sourceTree = "<group>";
		};
		1947D31321DB647300E24958 /* LaunchScreen.storyboard */ = {
			isa = PBXVariantGroup;
			children = (
				1947D31421DB647300E24958 /* Base */,
			);
			name = LaunchScreen.storyboard;
			sourceTree = "<group>";
		};
/* End PBXVariantGroup section */

/* Begin XCBuildConfiguration section */
		1947D31721DB647300E24958 /* Debug */ = {
			isa = XCBuildConfiguration;
			buildSettings = {
				ALWAYS_SEARCH_USER_PATHS = NO;
				CLANG_ANALYZER_NONNULL = YES;
				CLANG_ANALYZER_NUMBER_OBJECT_CONVERSION = YES_AGGRESSIVE;
				CLANG_CXX_LANGUAGE_STANDARD = "gnu++14";
				CLANG_CXX_LIBRARY = "libc++";
				CLANG_ENABLE_MODULES = YES;
				CLANG_ENABLE_OBJC_ARC = YES;
				CLANG_ENABLE_OBJC_WEAK = YES;
				CLANG_WARN_BLOCK_CAPTURE_AUTORELEASING = YES;
				CLANG_WARN_BOOL_CONVERSION = YES;
				CLANG_WARN_COMMA = YES;
				CLANG_WARN_CONSTANT_CONVERSION = YES;
				CLANG_WARN_DEPRECATED_OBJC_IMPLEMENTATIONS = YES;
				CLANG_WARN_DIRECT_OBJC_ISA_USAGE = YES_ERROR;
				CLANG_WARN_DOCUMENTATION_COMMENTS = YES;
				CLANG_WARN_EMPTY_BODY = YES;
				CLANG_WARN_ENUM_CONVERSION = YES;
				CLANG_WARN_INFINITE_RECURSION = YES;
				CLANG_WARN_INT_CONVERSION = YES;
				CLANG_WARN_NON_LITERAL_NULL_CONVERSION = YES;
				CLANG_WARN_OBJC_IMPLICIT_RETAIN_SELF = YES;
				CLANG_WARN_OBJC_LITERAL_CONVERSION = YES;
				CLANG_WARN_OBJC_ROOT_CLASS = YES_ERROR;
				CLANG_WARN_RANGE_LOOP_ANALYSIS = YES;
				CLANG_WARN_STRICT_PROTOTYPES = YES;
				CLANG_WARN_SUSPICIOUS_MOVE = YES;
				CLANG_WARN_UNGUARDED_AVAILABILITY = YES_AGGRESSIVE;
				CLANG_WARN_UNREACHABLE_CODE = YES;
				CLANG_WARN__DUPLICATE_METHOD_MATCH = YES;
				CODE_SIGN_IDENTITY = "iPhone Developer";
				COPY_PHASE_STRIP = NO;
				DEBUG_INFORMATION_FORMAT = dwarf;
				ENABLE_STRICT_OBJC_MSGSEND = YES;
				ENABLE_TESTABILITY = YES;
				GCC_C_LANGUAGE_STANDARD = gnu11;
				GCC_DYNAMIC_NO_PIC = NO;
				GCC_NO_COMMON_BLOCKS = YES;
				GCC_OPTIMIZATION_LEVEL = 0;
				GCC_PREPROCESSOR_DEFINITIONS = (
					"DEBUG=1",
					"$(inherited)",
				);
				GCC_WARN_64_TO_32_BIT_CONVERSION = YES;
				GCC_WARN_ABOUT_RETURN_TYPE = YES_ERROR;
				GCC_WARN_UNDECLARED_SELECTOR = YES;
				GCC_WARN_UNINITIALIZED_AUTOS = YES_AGGRESSIVE;
				GCC_WARN_UNUSED_FUNCTION = YES;
				GCC_WARN_UNUSED_VARIABLE = YES;
				IPHONEOS_DEPLOYMENT_TARGET = 12.1;
				MTL_ENABLE_DEBUG_INFO = INCLUDE_SOURCE;
				MTL_FAST_MATH = YES;
				ONLY_ACTIVE_ARCH = YES;
				SDKROOT = iphoneos;
				SWIFT_ACTIVE_COMPILATION_CONDITIONS = DEBUG;
				SWIFT_OPTIMIZATION_LEVEL = "-Onone";
			};
			name = Debug;
		};
		1947D31821DB647300E24958 /* Release */ = {
			isa = XCBuildConfiguration;
			buildSettings = {
				ALWAYS_SEARCH_USER_PATHS = NO;
				CLANG_ANALYZER_NONNULL = YES;
				CLANG_ANALYZER_NUMBER_OBJECT_CONVERSION = YES_AGGRESSIVE;
				CLANG_CXX_LANGUAGE_STANDARD = "gnu++14";
				CLANG_CXX_LIBRARY = "libc++";
				CLANG_ENABLE_MODULES = YES;
				CLANG_ENABLE_OBJC_ARC = YES;
				CLANG_ENABLE_OBJC_WEAK = YES;
				CLANG_WARN_BLOCK_CAPTURE_AUTORELEASING = YES;
				CLANG_WARN_BOOL_CONVERSION = YES;
				CLANG_WARN_COMMA = YES;
				CLANG_WARN_CONSTANT_CONVERSION = YES;
				CLANG_WARN_DEPRECATED_OBJC_IMPLEMENTATIONS = YES;
				CLANG_WARN_DIRECT_OBJC_ISA_USAGE = YES_ERROR;
				CLANG_WARN_DOCUMENTATION_COMMENTS = YES;
				CLANG_WARN_EMPTY_BODY = YES;
				CLANG_WARN_ENUM_CONVERSION = YES;
				CLANG_WARN_INFINITE_RECURSION = YES;
				CLANG_WARN_INT_CONVERSION = YES;
				CLANG_WARN_NON_LITERAL_NULL_CONVERSION = YES;
				CLANG_WARN_OBJC_IMPLICIT_RETAIN_SELF = YES;
				CLANG_WARN_OBJC_LITERAL_CONVERSION = YES;
				CLANG_WARN_OBJC_ROOT_CLASS = YES_ERROR;
				CLANG_WARN_RANGE_LOOP_ANALYSIS = YES;
				CLANG_WARN_STRICT_PROTOTYPES = YES;
				CLANG_WARN_SUSPICIOUS_MOVE = YES;
				CLANG_WARN_UNGUARDED_AVAILABILITY = YES_AGGRESSIVE;
				CLANG_WARN_UNREACHABLE_CODE = YES;
				CLANG_WARN__DUPLICATE_METHOD_MATCH = YES;
				CODE_SIGN_IDENTITY = "iPhone Developer";
				COPY_PHASE_STRIP = NO;
				DEBUG_INFORMATION_FORMAT = "dwarf-with-dsym";
				ENABLE_NS_ASSERTIONS = NO;
				ENABLE_STRICT_OBJC_MSGSEND = YES;
				GCC_C_LANGUAGE_STANDARD = gnu11;
				GCC_NO_COMMON_BLOCKS = YES;
				GCC_WARN_64_TO_32_BIT_CONVERSION = YES;
				GCC_WARN_ABOUT_RETURN_TYPE = YES_ERROR;
				GCC_WARN_UNDECLARED_SELECTOR = YES;
				GCC_WARN_UNINITIALIZED_AUTOS = YES_AGGRESSIVE;
				GCC_WARN_UNUSED_FUNCTION = YES;
				GCC_WARN_UNUSED_VARIABLE = YES;
				IPHONEOS_DEPLOYMENT_TARGET = 12.1;
				MTL_ENABLE_DEBUG_INFO = NO;
				MTL_FAST_MATH = YES;
				SDKROOT = iphoneos;
				SWIFT_COMPILATION_MODE = wholemodule;
				SWIFT_OPTIMIZATION_LEVEL = "-O";
				VALIDATE_PRODUCT = YES;
			};
			name = Release;
		};
		1947D31A21DB647300E24958 /* Debug */ = {
			isa = XCBuildConfiguration;
			buildSettings = {
				ASSETCATALOG_COMPILER_APPICON_NAME = AppIcon;
				CODE_SIGN_STYLE = Automatic;
				DEVELOPMENT_TEAM = 5WY7K834X3;
				INFOPLIST_FILE = "MVC-S/Info.plist";
				LD_RUNPATH_SEARCH_PATHS = (
					"$(inherited)",
					"@executable_path/Frameworks",
				);
				PRODUCT_BUNDLE_IDENTIFIER = "com.MVC-S";
				PRODUCT_NAME = "$(TARGET_NAME)";
				SWIFT_VERSION = 4.2;
				TARGETED_DEVICE_FAMILY = "1,2";
			};
			name = Debug;
		};
		1947D31B21DB647300E24958 /* Release */ = {
			isa = XCBuildConfiguration;
			buildSettings = {
				ASSETCATALOG_COMPILER_APPICON_NAME = AppIcon;
				CODE_SIGN_STYLE = Automatic;
				DEVELOPMENT_TEAM = 5WY7K834X3;
				INFOPLIST_FILE = "MVC-S/Info.plist";
				LD_RUNPATH_SEARCH_PATHS = (
					"$(inherited)",
					"@executable_path/Frameworks",
				);
				PRODUCT_BUNDLE_IDENTIFIER = "com.MVC-S";
				PRODUCT_NAME = "$(TARGET_NAME)";
				SWIFT_VERSION = 4.2;
				TARGETED_DEVICE_FAMILY = "1,2";
			};
			name = Release;
		};
/* End XCBuildConfiguration section */

/* Begin XCConfigurationList section */
		1947D30221DB646D00E24958 /* Build configuration list for PBXProject "MVC-S" */ = {
			isa = XCConfigurationList;
			buildConfigurations = (
				1947D31721DB647300E24958 /* Debug */,
				1947D31821DB647300E24958 /* Release */,
			);
			defaultConfigurationIsVisible = 0;
			defaultConfigurationName = Release;
		};
		1947D31921DB647300E24958 /* Build configuration list for PBXNativeTarget "MVC-S" */ = {
			isa = XCConfigurationList;
			buildConfigurations = (
				1947D31A21DB647300E24958 /* Debug */,
				1947D31B21DB647300E24958 /* Release */,
			);
			defaultConfigurationIsVisible = 0;
			defaultConfigurationName = Release;
		};
/* End XCConfigurationList section */
	};
	rootObject = 1947D2FF21DB646D00E24958 /* Project object */;
}
